
Microsoft Visual Studio Solution File, Format Version 12.00
# Visual Studio 2013
VisualStudioVersion = 12.0.31101.0
MinimumVisualStudioVersion = 10.0.40219.1
Project("{2150E333-8FDC-42A3-9474-1A3956D46DE8}") = "src", "src", "{F595035D-A700-4906-ACDE-DE1C8F73AD89}"
EndProject
Project("{2150E333-8FDC-42A3-9474-1A3956D46DE8}") = "shared", "shared", "{D38C59E4-9C2E-478D-8EFE-EF86C8751B31}"
EndProject
Project("{2150E333-8FDC-42A3-9474-1A3956D46DE8}") = "unit", "unit", "{4DB30233-E4AA-41D2-BA5B-2B4AF9CC1112}"
EndProject
Project("{2150E333-8FDC-42A3-9474-1A3956D46DE8}") = "integration", "integration", "{712B63F5-4F83-4D38-B1CC-8CBB760A5C4F}"
EndProject
Project("{FAE04EC0-301F-11D3-BF4B-00C04F79EFBC}") = "Budget.ObjectModel", "src\shared\Budget.ObjectModel\Budget.ObjectModel.csproj", "{43E28DBF-DB27-4BA8-AFA2-D2CFD2FD60B3}"
EndProject
Project("{2150E333-8FDC-42A3-9474-1A3956D46DE8}") = "data", "data", "{B0044C27-7A69-44F7-ADBC-D95A3C084DF3}"
EndProject
Project("{2150E333-8FDC-42A3-9474-1A3956D46DE8}") = "tests", "tests", "{AD74B865-5691-4622-A87F-8393E448B645}"
EndProject
Project("{FAE04EC0-301F-11D3-BF4B-00C04F79EFBC}") = "Budget.Database", "src\data\Budget.Database\Budget.Database.csproj", "{D52605EB-CA5E-4FCD-8DA5-A34DDED21219}"
EndProject
Project("{FAE04EC0-301F-11D3-BF4B-00C04F79EFBC}") = "Budget.DataAccess", "src\data\Budget.DataAccess\Budget.DataAccess.csproj", "{08966193-7E22-4566-8976-A6C72FECB375}"
EndProject
Project("{FAE04EC0-301F-11D3-BF4B-00C04F79EFBC}") = "Budget.UnitTests.DataAccess", "tests\unit\Budget.UnitTests.DataAccess\Budget.UnitTests.DataAccess.csproj", "{2C705686-DEB0-4C72-8A8F-7B5C0B245A62}"
EndProject
Project("{2150E333-8FDC-42A3-9474-1A3956D46DE8}") = ".nuget", ".nuget", "{971F6ADB-3326-4695-8B3D-2837EEB016B7}"
	ProjectSection(SolutionItems) = preProject
		.nuget\packages.config = .nuget\packages.config
	EndProjectSection
EndProject
Project("{FAE04EC0-301F-11D3-BF4B-00C04F79EFBC}") = "Budget.IntegrationTests.DataAccess", "tests\integration\Budget.IntegrationTests.DataAccess\Budget.IntegrationTests.DataAccess.csproj", "{4DED8797-F4A9-4F5B-A42B-2E3BF608F8F2}"
EndProject
Project("{2150E333-8FDC-42A3-9474-1A3956D46DE8}") = "webapi", "webapi", "{A084C5BD-D9B5-49CD-BC63-38ABBFBDE4B6}"
EndProject
Project("{FAE04EC0-301F-11D3-BF4B-00C04F79EFBC}") = "Budget.WebApi", "src\webapi\Budget.WebApi\Budget.WebApi.csproj", "{85459483-C2FE-4033-ACFC-38A2FAC62537}"
EndProject
Project("{FAE04EC0-301F-11D3-BF4B-00C04F79EFBC}") = "Budget.UnitTests.WebApi", "tests\unit\Budget.UnitTests.WebApi\Budget.UnitTests.WebApi.csproj", "{8D2B4919-2F0E-4457-97B9-194C8D1B6695}"
EndProject
Project("{FAE04EC0-301F-11D3-BF4B-00C04F79EFBC}") = "Budget.WebApi.Client", "src\webapi\Budget.WebApi.Client\Budget.WebApi.Client.csproj", "{D5393114-BFB6-44E0-9C3D-AF531AA0F252}"
EndProject
Project("{FAE04EC0-301F-11D3-BF4B-00C04F79EFBC}") = "Budget.IntegrationTests.WebApi.Client", "tests\integration\Budget.IntegrationTests.WebApi.Client\Budget.IntegrationTests.WebApi.Client.csproj", "{4E092ED4-482A-468C-91D0-ECFA2A58B6C3}"
EndProject
Project("{2150E333-8FDC-42A3-9474-1A3956D46DE8}") = "webapp", "webapp", "{3509A37C-FF24-46E9-8F6C-6836CA083C4C}"
EndProject
Project("{FAE04EC0-301F-11D3-BF4B-00C04F79EFBC}") = "Budget.WebApp", "src\webapp\Budget.WebApp\Budget.WebApp.csproj", "{831DE435-8D12-4597-9FE0-B46355884AC4}"
EndProject
Project("{FAE04EC0-301F-11D3-BF4B-00C04F79EFBC}") = "Budget.UnitTests.WebApp", "tests\unit\Budget.UnitTests.WebApp\Budget.UnitTests.WebApp.csproj", "{393F39D9-1269-42AC-8A18-A0910982C8CD}"
EndProject
Project("{FAE04EC0-301F-11D3-BF4B-00C04F79EFBC}") = "Budget.BusinessLogic", "src\shared\Budget.BusinessLogic\Budget.BusinessLogic.csproj", "{99B181F5-1573-475F-9FD0-C7376CDDAA51}"
EndProject
Project("{FAE04EC0-301F-11D3-BF4B-00C04F79EFBC}") = "Budget.UnitTests.BusinessLogic", "tests\unit\Budget.UnitTests.BusinessLogic\Budget.UnitTests.BusinessLogic.csproj", "{CFE15E13-A102-4376-9D41-B8D07DA8537F}"
EndProject
Project("{FAE04EC0-301F-11D3-BF4B-00C04F79EFBC}") = "Budget.Resources", "src\shared\Budget.Resources\Budget.Resources.csproj", "{678283C2-DAF7-4553-97DD-5AA95595DAB8}"
EndProject
Global
	GlobalSection(SolutionConfigurationPlatforms) = preSolution
		Debug|Any CPU = Debug|Any CPU
		Release|Any CPU = Release|Any CPU
	EndGlobalSection
	GlobalSection(ProjectConfigurationPlatforms) = postSolution
		{43E28DBF-DB27-4BA8-AFA2-D2CFD2FD60B3}.Debug|Any CPU.ActiveCfg = Debug|Any CPU
		{43E28DBF-DB27-4BA8-AFA2-D2CFD2FD60B3}.Debug|Any CPU.Build.0 = Debug|Any CPU
		{43E28DBF-DB27-4BA8-AFA2-D2CFD2FD60B3}.Release|Any CPU.ActiveCfg = Release|Any CPU
		{43E28DBF-DB27-4BA8-AFA2-D2CFD2FD60B3}.Release|Any CPU.Build.0 = Release|Any CPU
		{D52605EB-CA5E-4FCD-8DA5-A34DDED21219}.Debug|Any CPU.ActiveCfg = Debug|Any CPU
		{D52605EB-CA5E-4FCD-8DA5-A34DDED21219}.Debug|Any CPU.Build.0 = Debug|Any CPU
		{D52605EB-CA5E-4FCD-8DA5-A34DDED21219}.Release|Any CPU.ActiveCfg = Release|Any CPU
		{D52605EB-CA5E-4FCD-8DA5-A34DDED21219}.Release|Any CPU.Build.0 = Release|Any CPU
		{08966193-7E22-4566-8976-A6C72FECB375}.Debug|Any CPU.ActiveCfg = Debug|Any CPU
		{08966193-7E22-4566-8976-A6C72FECB375}.Debug|Any CPU.Build.0 = Debug|Any CPU
		{08966193-7E22-4566-8976-A6C72FECB375}.Release|Any CPU.ActiveCfg = Release|Any CPU
		{08966193-7E22-4566-8976-A6C72FECB375}.Release|Any CPU.Build.0 = Release|Any CPU
		{2C705686-DEB0-4C72-8A8F-7B5C0B245A62}.Debug|Any CPU.ActiveCfg = Debug|Any CPU
		{2C705686-DEB0-4C72-8A8F-7B5C0B245A62}.Debug|Any CPU.Build.0 = Debug|Any CPU
		{2C705686-DEB0-4C72-8A8F-7B5C0B245A62}.Release|Any CPU.ActiveCfg = Release|Any CPU
		{2C705686-DEB0-4C72-8A8F-7B5C0B245A62}.Release|Any CPU.Build.0 = Release|Any CPU
		{4DED8797-F4A9-4F5B-A42B-2E3BF608F8F2}.Debug|Any CPU.ActiveCfg = Debug|Any CPU
		{4DED8797-F4A9-4F5B-A42B-2E3BF608F8F2}.Debug|Any CPU.Build.0 = Debug|Any CPU
		{4DED8797-F4A9-4F5B-A42B-2E3BF608F8F2}.Release|Any CPU.ActiveCfg = Release|Any CPU
		{4DED8797-F4A9-4F5B-A42B-2E3BF608F8F2}.Release|Any CPU.Build.0 = Release|Any CPU
		{85459483-C2FE-4033-ACFC-38A2FAC62537}.Debug|Any CPU.ActiveCfg = Debug|Any CPU
		{85459483-C2FE-4033-ACFC-38A2FAC62537}.Debug|Any CPU.Build.0 = Debug|Any CPU
		{85459483-C2FE-4033-ACFC-38A2FAC62537}.Release|Any CPU.ActiveCfg = Release|Any CPU
		{85459483-C2FE-4033-ACFC-38A2FAC62537}.Release|Any CPU.Build.0 = Release|Any CPU
		{8D2B4919-2F0E-4457-97B9-194C8D1B6695}.Debug|Any CPU.ActiveCfg = Debug|Any CPU
		{8D2B4919-2F0E-4457-97B9-194C8D1B6695}.Debug|Any CPU.Build.0 = Debug|Any CPU
		{8D2B4919-2F0E-4457-97B9-194C8D1B6695}.Release|Any CPU.ActiveCfg = Release|Any CPU
		{8D2B4919-2F0E-4457-97B9-194C8D1B6695}.Release|Any CPU.Build.0 = Release|Any CPU
		{D5393114-BFB6-44E0-9C3D-AF531AA0F252}.Debug|Any CPU.ActiveCfg = Debug|Any CPU
		{D5393114-BFB6-44E0-9C3D-AF531AA0F252}.Debug|Any CPU.Build.0 = Debug|Any CPU
		{D5393114-BFB6-44E0-9C3D-AF531AA0F252}.Release|Any CPU.ActiveCfg = Release|Any CPU
		{D5393114-BFB6-44E0-9C3D-AF531AA0F252}.Release|Any CPU.Build.0 = Release|Any CPU
		{4E092ED4-482A-468C-91D0-ECFA2A58B6C3}.Debug|Any CPU.ActiveCfg = Debug|Any CPU
		{4E092ED4-482A-468C-91D0-ECFA2A58B6C3}.Debug|Any CPU.Build.0 = Debug|Any CPU
		{4E092ED4-482A-468C-91D0-ECFA2A58B6C3}.Release|Any CPU.ActiveCfg = Release|Any CPU
		{4E092ED4-482A-468C-91D0-ECFA2A58B6C3}.Release|Any CPU.Build.0 = Release|Any CPU
		{831DE435-8D12-4597-9FE0-B46355884AC4}.Debug|Any CPU.ActiveCfg = Debug|Any CPU
		{831DE435-8D12-4597-9FE0-B46355884AC4}.Debug|Any CPU.Build.0 = Debug|Any CPU
		{831DE435-8D12-4597-9FE0-B46355884AC4}.Release|Any CPU.ActiveCfg = Release|Any CPU
		{831DE435-8D12-4597-9FE0-B46355884AC4}.Release|Any CPU.Build.0 = Release|Any CPU
		{393F39D9-1269-42AC-8A18-A0910982C8CD}.Debug|Any CPU.ActiveCfg = Debug|Any CPU
		{393F39D9-1269-42AC-8A18-A0910982C8CD}.Debug|Any CPU.Build.0 = Debug|Any CPU
		{393F39D9-1269-42AC-8A18-A0910982C8CD}.Release|Any CPU.ActiveCfg = Release|Any CPU
		{393F39D9-1269-42AC-8A18-A0910982C8CD}.Release|Any CPU.Build.0 = Release|Any CPU
		{99B181F5-1573-475F-9FD0-C7376CDDAA51}.Debug|Any CPU.ActiveCfg = Debug|Any CPU
		{99B181F5-1573-475F-9FD0-C7376CDDAA51}.Debug|Any CPU.Build.0 = Debug|Any CPU
		{99B181F5-1573-475F-9FD0-C7376CDDAA51}.Release|Any CPU.ActiveCfg = Release|Any CPU
		{99B181F5-1573-475F-9FD0-C7376CDDAA51}.Release|Any CPU.Build.0 = Release|Any CPU
		{CFE15E13-A102-4376-9D41-B8D07DA8537F}.Debug|Any CPU.ActiveCfg = Debug|Any CPU
		{CFE15E13-A102-4376-9D41-B8D07DA8537F}.Debug|Any CPU.Build.0 = Debug|Any CPU
		{CFE15E13-A102-4376-9D41-B8D07DA8537F}.Release|Any CPU.ActiveCfg = Release|Any CPU
		{CFE15E13-A102-4376-9D41-B8D07DA8537F}.Release|Any CPU.Build.0 = Release|Any CPU
		{678283C2-DAF7-4553-97DD-5AA95595DAB8}.Debug|Any CPU.ActiveCfg = Debug|Any CPU
		{678283C2-DAF7-4553-97DD-5AA95595DAB8}.Debug|Any CPU.Build.0 = Debug|Any CPU
		{678283C2-DAF7-4553-97DD-5AA95595DAB8}.Release|Any CPU.ActiveCfg = Release|Any CPU
		{678283C2-DAF7-4553-97DD-5AA95595DAB8}.Release|Any CPU.Build.0 = Release|Any CPU
	EndGlobalSection
	GlobalSection(SolutionProperties) = preSolution
		HideSolutionNode = FALSE
	EndGlobalSection
	GlobalSection(NestedProjects) = preSolution
		{D38C59E4-9C2E-478D-8EFE-EF86C8751B31} = {F595035D-A700-4906-ACDE-DE1C8F73AD89}
		{4DB30233-E4AA-41D2-BA5B-2B4AF9CC1112} = {AD74B865-5691-4622-A87F-8393E448B645}
		{712B63F5-4F83-4D38-B1CC-8CBB760A5C4F} = {AD74B865-5691-4622-A87F-8393E448B645}
		{43E28DBF-DB27-4BA8-AFA2-D2CFD2FD60B3} = {D38C59E4-9C2E-478D-8EFE-EF86C8751B31}
		{B0044C27-7A69-44F7-ADBC-D95A3C084DF3} = {F595035D-A700-4906-ACDE-DE1C8F73AD89}
		{D52605EB-CA5E-4FCD-8DA5-A34DDED21219} = {B0044C27-7A69-44F7-ADBC-D95A3C084DF3}
		{08966193-7E22-4566-8976-A6C72FECB375} = {B0044C27-7A69-44F7-ADBC-D95A3C084DF3}
		{2C705686-DEB0-4C72-8A8F-7B5C0B245A62} = {4DB30233-E4AA-41D2-BA5B-2B4AF9CC1112}
		{4DED8797-F4A9-4F5B-A42B-2E3BF608F8F2} = {712B63F5-4F83-4D38-B1CC-8CBB760A5C4F}
		{A084C5BD-D9B5-49CD-BC63-38ABBFBDE4B6} = {F595035D-A700-4906-ACDE-DE1C8F73AD89}
		{85459483-C2FE-4033-ACFC-38A2FAC62537} = {A084C5BD-D9B5-49CD-BC63-38ABBFBDE4B6}
		{8D2B4919-2F0E-4457-97B9-194C8D1B6695} = {4DB30233-E4AA-41D2-BA5B-2B4AF9CC1112}
		{D5393114-BFB6-44E0-9C3D-AF531AA0F252} = {A084C5BD-D9B5-49CD-BC63-38ABBFBDE4B6}
		{4E092ED4-482A-468C-91D0-ECFA2A58B6C3} = {712B63F5-4F83-4D38-B1CC-8CBB760A5C4F}
		{3509A37C-FF24-46E9-8F6C-6836CA083C4C} = {F595035D-A700-4906-ACDE-DE1C8F73AD89}
		{831DE435-8D12-4597-9FE0-B46355884AC4} = {3509A37C-FF24-46E9-8F6C-6836CA083C4C}
		{393F39D9-1269-42AC-8A18-A0910982C8CD} = {4DB30233-E4AA-41D2-BA5B-2B4AF9CC1112}
		{99B181F5-1573-475F-9FD0-C7376CDDAA51} = {D38C59E4-9C2E-478D-8EFE-EF86C8751B31}
		{CFE15E13-A102-4376-9D41-B8D07DA8537F} = {4DB30233-E4AA-41D2-BA5B-2B4AF9CC1112}
		{678283C2-DAF7-4553-97DD-5AA95595DAB8} = {D38C59E4-9C2E-478D-8EFE-EF86C8751B31}
	EndGlobalSection
EndGlobal
